
Microsoft Visual Studio Solution File, Format Version 12.00
# Visual Studio 15
VisualStudioVersion = 15.0.28010.2003
MinimumVisualStudioVersion = 10.0.40219.1
Project("{8BC9CEB8-8B4A-11D0-8D11-00A0C91BC942}") = "AdmiraltyTidalApiClient", "AdmiraltyTidalApiClient\AdmiraltyTidalApiClient.vcxitems", "{DB8FF20D-D401-4725-9638-07EF2DC83FC2}"
EndProject
Global
	GlobalSection(SolutionProperties) = preSolution
		HideSolutionNode = FALSE
	EndGlobalSection
	GlobalSection(ExtensibilityGlobals) = postSolution
		SolutionGuid = {631DACCB-6314-4D6F-B6B4-6BCF76B792DB}
	EndGlobalSection
EndGlobal
